// !$*UTF8*$!
{
	archiveVersion = 1;
	classes = {
	};
	objectVersion = 50;
	objects = {

/* Begin PBXBuildFile section */
		2ECFDE70E1849FCE176CCFB0 /* Pods_Wadmin.framework in Frameworks */ = {isa = PBXBuildFile; fileRef = F7721947747D64E67D2CFA7E /* Pods_Wadmin.framework */; };
		D716BCBE22F00C3E009156AE /* AppDelegate.swift in Sources */ = {isa = PBXBuildFile; fileRef = D716BCBD22F00C3E009156AE /* AppDelegate.swift */; };
		D716BCC022F00C3E009156AE /* ViewController.swift in Sources */ = {isa = PBXBuildFile; fileRef = D716BCBF22F00C3E009156AE /* ViewController.swift */; };
		D716BCC522F00C3F009156AE /* Assets.xcassets in Resources */ = {isa = PBXBuildFile; fileRef = D716BCC422F00C3F009156AE /* Assets.xcassets */; };
		D716BCC822F00C3F009156AE /* LaunchScreen.storyboard in Resources */ = {isa = PBXBuildFile; fileRef = D716BCC622F00C3F009156AE /* LaunchScreen.storyboard */; };
		D716BCD322F023BF009156AE /* Device.swift in Sources */ = {isa = PBXBuildFile; fileRef = D716BCD222F023BF009156AE /* Device.swift */; };
		D716BCD522F023CD009156AE /* UIView.swift in Sources */ = {isa = PBXBuildFile; fileRef = D716BCD422F023CD009156AE /* UIView.swift */; };
		D716BCD722F023D5009156AE /* UIColor.swift in Sources */ = {isa = PBXBuildFile; fileRef = D716BCD622F023D5009156AE /* UIColor.swift */; };
		D716BCD922F02419009156AE /* CGRect.swift in Sources */ = {isa = PBXBuildFile; fileRef = D716BCD822F02419009156AE /* CGRect.swift */; };
		D716BCDB22F02462009156AE /* String.swift in Sources */ = {isa = PBXBuildFile; fileRef = D716BCDA22F02462009156AE /* String.swift */; };
		D716BCDD22F02474009156AE /* UICollectionView.swift in Sources */ = {isa = PBXBuildFile; fileRef = D716BCDC22F02474009156AE /* UICollectionView.swift */; };
		D716BCDF22F02497009156AE /* UIImage.swift in Sources */ = {isa = PBXBuildFile; fileRef = D716BCDE22F02497009156AE /* UIImage.swift */; };
		D716BCE122F024D0009156AE /* Defaults.swift in Sources */ = {isa = PBXBuildFile; fileRef = D716BCE022F024D0009156AE /* Defaults.swift */; };
		D716BCE322F024E9009156AE /* Abbreviation.swift in Sources */ = {isa = PBXBuildFile; fileRef = D716BCE222F024E9009156AE /* Abbreviation.swift */; };
		D716BCE522F024F9009156AE /* DateFormatter.swift in Sources */ = {isa = PBXBuildFile; fileRef = D716BCE422F024F9009156AE /* DateFormatter.swift */; };
		D716BCEA22F025DB009156AE /* LoginController.swift in Sources */ = {isa = PBXBuildFile; fileRef = D716BCE922F025DB009156AE /* LoginController.swift */; };
		D716BCEC22F025EE009156AE /* LoginView.swift in Sources */ = {isa = PBXBuildFile; fileRef = D716BCEB22F025EE009156AE /* LoginView.swift */; };
		D716BCEE22F025F9009156AE /* LoginDelegate.swift in Sources */ = {isa = PBXBuildFile; fileRef = D716BCED22F025F9009156AE /* LoginDelegate.swift */; };
		D716BCF022F02629009156AE /* UITextField.swift in Sources */ = {isa = PBXBuildFile; fileRef = D716BCEF22F02629009156AE /* UITextField.swift */; };
		D716BCF222F0263B009156AE /* LoginViewModel+Delegate.swift in Sources */ = {isa = PBXBuildFile; fileRef = D716BCF122F0263B009156AE /* LoginViewModel+Delegate.swift */; };
		D716BCF422F0265C009156AE /* WesaturateAPI.swift in Sources */ = {isa = PBXBuildFile; fileRef = D716BCF322F0265C009156AE /* WesaturateAPI.swift */; };
		D716BCF622F02698009156AE /* Me.swift in Sources */ = {isa = PBXBuildFile; fileRef = D716BCF522F02698009156AE /* Me.swift */; };
		D716BCF822F02767009156AE /* Helper.swift in Sources */ = {isa = PBXBuildFile; fileRef = D716BCF722F02767009156AE /* Helper.swift */; };
		D716BCFA22F0283A009156AE /* Photo.swift in Sources */ = {isa = PBXBuildFile; fileRef = D716BCF922F0283A009156AE /* Photo.swift */; };
		D716BCFC22F0283F009156AE /* Photos.swift in Sources */ = {isa = PBXBuildFile; fileRef = D716BCFB22F0283F009156AE /* Photos.swift */; };
		D716BCFE22F02844009156AE /* Exif.swift in Sources */ = {isa = PBXBuildFile; fileRef = D716BCFD22F02844009156AE /* Exif.swift */; };
		D716BD0222F02873009156AE /* Links.swift in Sources */ = {isa = PBXBuildFile; fileRef = D716BD0122F02873009156AE /* Links.swift */; };
		D716BD0422F02881009156AE /* User.swift in Sources */ = {isa = PBXBuildFile; fileRef = D716BD0322F02881009156AE /* User.swift */; };
		D716BD0722F0291D009156AE /* HomeView.swift in Sources */ = {isa = PBXBuildFile; fileRef = D716BD0622F0291D009156AE /* HomeView.swift */; };
		D716BD0A22F0A4E1009156AE /* ReviewCountView.swift in Sources */ = {isa = PBXBuildFile; fileRef = D716BD0922F0A4E1009156AE /* ReviewCountView.swift */; };
		D716BD0C22F0AB54009156AE /* Analytics.swift in Sources */ = {isa = PBXBuildFile; fileRef = D716BD0B22F0AB54009156AE /* Analytics.swift */; };
		D716BD1022F0D00F009156AE /* HomeViewModel.swift in Sources */ = {isa = PBXBuildFile; fileRef = D716BD0F22F0D00F009156AE /* HomeViewModel.swift */; };
		D716BD1222F0EC0D009156AE /* SingleAnalyticView.swift in Sources */ = {isa = PBXBuildFile; fileRef = D716BD1122F0EC0D009156AE /* SingleAnalyticView.swift */; };
		D716BD1422F0F0BE009156AE /* HomeAnalyticView.swift in Sources */ = {isa = PBXBuildFile; fileRef = D716BD1322F0F0BE009156AE /* HomeAnalyticView.swift */; };
		D7D64EE522F193CC00E5306F /* FileTypeView.swift in Sources */ = {isa = PBXBuildFile; fileRef = D7D64EE422F193CC00E5306F /* FileTypeView.swift */; };
		D7FF294622F10ABE00970436 /* ReviewController.swift in Sources */ = {isa = PBXBuildFile; fileRef = D7FF294522F10ABE00970436 /* ReviewController.swift */; };
		D7FF294A22F10EBE00970436 /* ReviewViewModel.swift in Sources */ = {isa = PBXBuildFile; fileRef = D7FF294922F10EBE00970436 /* ReviewViewModel.swift */; };
		D7FF294C22F10EC800970436 /* ReviewCardViewModel.swift in Sources */ = {isa = PBXBuildFile; fileRef = D7FF294B22F10EC800970436 /* ReviewCardViewModel.swift */; };
		D7FF294E22F1194700970436 /* ReviewCard.swift in Sources */ = {isa = PBXBuildFile; fileRef = D7FF294D22F1194700970436 /* ReviewCard.swift */; };
		D7FF295022F1196500970436 /* EmojiOptionsOverlay.swift in Sources */ = {isa = PBXBuildFile; fileRef = D7FF294F22F1196500970436 /* EmojiOptionsOverlay.swift */; };
		D7FF295222F1198000970436 /* CardView.swift in Sources */ = {isa = PBXBuildFile; fileRef = D7FF295122F1198000970436 /* CardView.swift */; };
/* End PBXBuildFile section */

/* Begin PBXFileReference section */
		3F2BCC3FEB114B80896E5412 /* Pods-Wadmin.debug.xcconfig */ = {isa = PBXFileReference; includeInIndex = 1; lastKnownFileType = text.xcconfig; name = "Pods-Wadmin.debug.xcconfig"; path = "Pods/Target Support Files/Pods-Wadmin/Pods-Wadmin.debug.xcconfig"; sourceTree = "<group>"; };
		748D009F51D5AE6D2848F408 /* Pods-Wadmin.release.xcconfig */ = {isa = PBXFileReference; includeInIndex = 1; lastKnownFileType = text.xcconfig; name = "Pods-Wadmin.release.xcconfig"; path = "Pods/Target Support Files/Pods-Wadmin/Pods-Wadmin.release.xcconfig"; sourceTree = "<group>"; };
		D716BCBA22F00C3E009156AE /* Wadmin.app */ = {isa = PBXFileReference; explicitFileType = wrapper.application; includeInIndex = 0; path = Wadmin.app; sourceTree = BUILT_PRODUCTS_DIR; };
		D716BCBD22F00C3E009156AE /* AppDelegate.swift */ = {isa = PBXFileReference; lastKnownFileType = sourcecode.swift; path = AppDelegate.swift; sourceTree = "<group>"; };
		D716BCBF22F00C3E009156AE /* ViewController.swift */ = {isa = PBXFileReference; lastKnownFileType = sourcecode.swift; path = ViewController.swift; sourceTree = "<group>"; };
		D716BCC422F00C3F009156AE /* Assets.xcassets */ = {isa = PBXFileReference; lastKnownFileType = folder.assetcatalog; path = Assets.xcassets; sourceTree = "<group>"; };
		D716BCC722F00C3F009156AE /* Base */ = {isa = PBXFileReference; lastKnownFileType = file.storyboard; name = Base; path = Base.lproj/LaunchScreen.storyboard; sourceTree = "<group>"; };
		D716BCC922F00C3F009156AE /* Info.plist */ = {isa = PBXFileReference; lastKnownFileType = text.plist.xml; path = Info.plist; sourceTree = "<group>"; };
		D716BCD222F023BF009156AE /* Device.swift */ = {isa = PBXFileReference; lastKnownFileType = sourcecode.swift; path = Device.swift; sourceTree = "<group>"; };
		D716BCD422F023CD009156AE /* UIView.swift */ = {isa = PBXFileReference; lastKnownFileType = sourcecode.swift; path = UIView.swift; sourceTree = "<group>"; };
		D716BCD622F023D5009156AE /* UIColor.swift */ = {isa = PBXFileReference; lastKnownFileType = sourcecode.swift; path = UIColor.swift; sourceTree = "<group>"; };
		D716BCD822F02419009156AE /* CGRect.swift */ = {isa = PBXFileReference; lastKnownFileType = sourcecode.swift; path = CGRect.swift; sourceTree = "<group>"; };
		D716BCDA22F02462009156AE /* String.swift */ = {isa = PBXFileReference; lastKnownFileType = sourcecode.swift; path = String.swift; sourceTree = "<group>"; };
		D716BCDC22F02474009156AE /* UICollectionView.swift */ = {isa = PBXFileReference; lastKnownFileType = sourcecode.swift; path = UICollectionView.swift; sourceTree = "<group>"; };
		D716BCDE22F02497009156AE /* UIImage.swift */ = {isa = PBXFileReference; lastKnownFileType = sourcecode.swift; path = UIImage.swift; sourceTree = "<group>"; };
		D716BCE022F024D0009156AE /* Defaults.swift */ = {isa = PBXFileReference; lastKnownFileType = sourcecode.swift; path = Defaults.swift; sourceTree = "<group>"; };
		D716BCE222F024E9009156AE /* Abbreviation.swift */ = {isa = PBXFileReference; lastKnownFileType = sourcecode.swift; path = Abbreviation.swift; sourceTree = "<group>"; };
		D716BCE422F024F9009156AE /* DateFormatter.swift */ = {isa = PBXFileReference; lastKnownFileType = sourcecode.swift; path = DateFormatter.swift; sourceTree = "<group>"; };
		D716BCE922F025DB009156AE /* LoginController.swift */ = {isa = PBXFileReference; lastKnownFileType = sourcecode.swift; path = LoginController.swift; sourceTree = "<group>"; };
		D716BCEB22F025EE009156AE /* LoginView.swift */ = {isa = PBXFileReference; lastKnownFileType = sourcecode.swift; path = LoginView.swift; sourceTree = "<group>"; };
		D716BCED22F025F9009156AE /* LoginDelegate.swift */ = {isa = PBXFileReference; lastKnownFileType = sourcecode.swift; path = LoginDelegate.swift; sourceTree = "<group>"; };
		D716BCEF22F02629009156AE /* UITextField.swift */ = {isa = PBXFileReference; lastKnownFileType = sourcecode.swift; path = UITextField.swift; sourceTree = "<group>"; };
		D716BCF122F0263B009156AE /* LoginViewModel+Delegate.swift */ = {isa = PBXFileReference; lastKnownFileType = sourcecode.swift; path = "LoginViewModel+Delegate.swift"; sourceTree = "<group>"; };
		D716BCF322F0265C009156AE /* WesaturateAPI.swift */ = {isa = PBXFileReference; lastKnownFileType = sourcecode.swift; path = WesaturateAPI.swift; sourceTree = "<group>"; };
		D716BCF522F02698009156AE /* Me.swift */ = {isa = PBXFileReference; lastKnownFileType = sourcecode.swift; path = Me.swift; sourceTree = "<group>"; };
		D716BCF722F02767009156AE /* Helper.swift */ = {isa = PBXFileReference; lastKnownFileType = sourcecode.swift; path = Helper.swift; sourceTree = "<group>"; };
		D716BCF922F0283A009156AE /* Photo.swift */ = {isa = PBXFileReference; lastKnownFileType = sourcecode.swift; path = Photo.swift; sourceTree = "<group>"; };
		D716BCFB22F0283F009156AE /* Photos.swift */ = {isa = PBXFileReference; lastKnownFileType = sourcecode.swift; path = Photos.swift; sourceTree = "<group>"; };
		D716BCFD22F02844009156AE /* Exif.swift */ = {isa = PBXFileReference; lastKnownFileType = sourcecode.swift; path = Exif.swift; sourceTree = "<group>"; };
		D716BD0122F02873009156AE /* Links.swift */ = {isa = PBXFileReference; lastKnownFileType = sourcecode.swift; path = Links.swift; sourceTree = "<group>"; };
		D716BD0322F02881009156AE /* User.swift */ = {isa = PBXFileReference; lastKnownFileType = sourcecode.swift; path = User.swift; sourceTree = "<group>"; };
		D716BD0622F0291D009156AE /* HomeView.swift */ = {isa = PBXFileReference; lastKnownFileType = sourcecode.swift; path = HomeView.swift; sourceTree = "<group>"; };
		D716BD0922F0A4E1009156AE /* ReviewCountView.swift */ = {isa = PBXFileReference; lastKnownFileType = sourcecode.swift; path = ReviewCountView.swift; sourceTree = "<group>"; };
		D716BD0B22F0AB54009156AE /* Analytics.swift */ = {isa = PBXFileReference; lastKnownFileType = sourcecode.swift; path = Analytics.swift; sourceTree = "<group>"; };
		D716BD0F22F0D00F009156AE /* HomeViewModel.swift */ = {isa = PBXFileReference; lastKnownFileType = sourcecode.swift; path = HomeViewModel.swift; sourceTree = "<group>"; };
		D716BD1122F0EC0D009156AE /* SingleAnalyticView.swift */ = {isa = PBXFileReference; lastKnownFileType = sourcecode.swift; path = SingleAnalyticView.swift; sourceTree = "<group>"; };
		D716BD1322F0F0BE009156AE /* HomeAnalyticView.swift */ = {isa = PBXFileReference; lastKnownFileType = sourcecode.swift; path = HomeAnalyticView.swift; sourceTree = "<group>"; };
		D7D64EE422F193CC00E5306F /* FileTypeView.swift */ = {isa = PBXFileReference; lastKnownFileType = sourcecode.swift; path = FileTypeView.swift; sourceTree = "<group>"; };
		D7FF294522F10ABE00970436 /* ReviewController.swift */ = {isa = PBXFileReference; lastKnownFileType = sourcecode.swift; path = ReviewController.swift; sourceTree = "<group>"; };
		D7FF294922F10EBE00970436 /* ReviewViewModel.swift */ = {isa = PBXFileReference; lastKnownFileType = sourcecode.swift; path = ReviewViewModel.swift; sourceTree = "<group>"; };
		D7FF294B22F10EC800970436 /* ReviewCardViewModel.swift */ = {isa = PBXFileReference; lastKnownFileType = sourcecode.swift; path = ReviewCardViewModel.swift; sourceTree = "<group>"; };
		D7FF294D22F1194700970436 /* ReviewCard.swift */ = {isa = PBXFileReference; lastKnownFileType = sourcecode.swift; path = ReviewCard.swift; sourceTree = "<group>"; };
		D7FF294F22F1196500970436 /* EmojiOptionsOverlay.swift */ = {isa = PBXFileReference; lastKnownFileType = sourcecode.swift; path = EmojiOptionsOverlay.swift; sourceTree = "<group>"; };
		D7FF295122F1198000970436 /* CardView.swift */ = {isa = PBXFileReference; lastKnownFileType = sourcecode.swift; path = CardView.swift; sourceTree = "<group>"; };
		F7721947747D64E67D2CFA7E /* Pods_Wadmin.framework */ = {isa = PBXFileReference; explicitFileType = wrapper.framework; includeInIndex = 0; path = Pods_Wadmin.framework; sourceTree = BUILT_PRODUCTS_DIR; };
/* End PBXFileReference section */

/* Begin PBXFrameworksBuildPhase section */
		D716BCB722F00C3E009156AE /* Frameworks */ = {
			isa = PBXFrameworksBuildPhase;
			buildActionMask = 2147483647;
			files = (
				2ECFDE70E1849FCE176CCFB0 /* Pods_Wadmin.framework in Frameworks */,
			);
			runOnlyForDeploymentPostprocessing = 0;
		};
/* End PBXFrameworksBuildPhase section */

/* Begin PBXGroup section */
		33507B9225384C3ADF04F543 /* Frameworks */ = {
			isa = PBXGroup;
			children = (
				F7721947747D64E67D2CFA7E /* Pods_Wadmin.framework */,
			);
			name = Frameworks;
			sourceTree = "<group>";
		};
		D716BCB122F00C3E009156AE = {
			isa = PBXGroup;
			children = (
				D716BCBC22F00C3E009156AE /* Wadmin */,
				D716BCBB22F00C3E009156AE /* Products */,
				FBDF038230580A04FBC99D9A /* Pods */,
				33507B9225384C3ADF04F543 /* Frameworks */,
			);
			sourceTree = "<group>";
		};
		D716BCBB22F00C3E009156AE /* Products */ = {
			isa = PBXGroup;
			children = (
				D716BCBA22F00C3E009156AE /* Wadmin.app */,
			);
			name = Products;
			sourceTree = "<group>";
		};
		D716BCBC22F00C3E009156AE /* Wadmin */ = {
			isa = PBXGroup;
			children = (
				D716BCE822F025D1009156AE /* View */,
				D716BCE722F025CA009156AE /* ViewModel */,
				D716BCD122F01C9D009156AE /* Resources */,
				D716BCD022F01C96009156AE /* Model */,
				D716BCCF22F01C8D009156AE /* Helpers */,
				D716BCC922F00C3F009156AE /* Info.plist */,
			);
			path = Wadmin;
			sourceTree = "<group>";
		};
		D716BCCF22F01C8D009156AE /* Helpers */ = {
			isa = PBXGroup;
			children = (
				D716BCD222F023BF009156AE /* Device.swift */,
				D716BCE022F024D0009156AE /* Defaults.swift */,
				D716BCE622F02513009156AE /* Styles */,
				D716BCF322F0265C009156AE /* WesaturateAPI.swift */,
			);
			path = Helpers;
			sourceTree = "<group>";
		};
		D716BCD022F01C96009156AE /* Model */ = {
			isa = PBXGroup;
			children = (
				D716BCF722F02767009156AE /* Helper.swift */,
				D716BD0B22F0AB54009156AE /* Analytics.swift */,
				D716BCF522F02698009156AE /* Me.swift */,
				D716BD0322F02881009156AE /* User.swift */,
				D716BCF922F0283A009156AE /* Photo.swift */,
				D716BD0122F02873009156AE /* Links.swift */,
				D716BCFB22F0283F009156AE /* Photos.swift */,
				D716BCFD22F02844009156AE /* Exif.swift */,
			);
			path = Model;
			sourceTree = "<group>";
		};
		D716BCD122F01C9D009156AE /* Resources */ = {
			isa = PBXGroup;
			children = (
				D716BCC622F00C3F009156AE /* LaunchScreen.storyboard */,
				D716BCC422F00C3F009156AE /* Assets.xcassets */,
				D716BCBD22F00C3E009156AE /* AppDelegate.swift */,
			);
			path = Resources;
			sourceTree = "<group>";
		};
		D716BCE622F02513009156AE /* Styles */ = {
			isa = PBXGroup;
			children = (
				D716BCD422F023CD009156AE /* UIView.swift */,
				D716BCD622F023D5009156AE /* UIColor.swift */,
				D716BCD822F02419009156AE /* CGRect.swift */,
				D716BCDA22F02462009156AE /* String.swift */,
				D716BCDC22F02474009156AE /* UICollectionView.swift */,
				D716BCDE22F02497009156AE /* UIImage.swift */,
				D716BCE222F024E9009156AE /* Abbreviation.swift */,
				D716BCE422F024F9009156AE /* DateFormatter.swift */,
				D716BCEF22F02629009156AE /* UITextField.swift */,
			);
			path = Styles;
			sourceTree = "<group>";
		};
		D716BCE722F025CA009156AE /* ViewModel */ = {
			isa = PBXGroup;
			children = (
				D716BCF122F0263B009156AE /* LoginViewModel+Delegate.swift */,
				D716BD0F22F0D00F009156AE /* HomeViewModel.swift */,
				D7FF294922F10EBE00970436 /* ReviewViewModel.swift */,
				D7FF294B22F10EC800970436 /* ReviewCardViewModel.swift */,
			);
			path = ViewModel;
			sourceTree = "<group>";
		};
		D716BCE822F025D1009156AE /* View */ = {
			isa = PBXGroup;
			children = (
				D7FF294422F10A9700970436 /* Review */,
				D716BD0522F02916009156AE /* Login */,
				D716BD0822F02929009156AE /* Home */,
				D716BD0922F0A4E1009156AE /* ReviewCountView.swift */,
				D716BD1122F0EC0D009156AE /* SingleAnalyticView.swift */,
				D716BD1322F0F0BE009156AE /* HomeAnalyticView.swift */,
			);
			path = View;
			sourceTree = "<group>";
		};
		D716BD0522F02916009156AE /* Login */ = {
			isa = PBXGroup;
			children = (
				D716BCE922F025DB009156AE /* LoginController.swift */,
				D716BCEB22F025EE009156AE /* LoginView.swift */,
				D716BCED22F025F9009156AE /* LoginDelegate.swift */,
			);
			path = Login;
			sourceTree = "<group>";
		};
		D716BD0822F02929009156AE /* Home */ = {
			isa = PBXGroup;
			children = (
				D716BD0622F0291D009156AE /* HomeView.swift */,
				D716BCBF22F00C3E009156AE /* ViewController.swift */,
			);
			path = Home;
			sourceTree = "<group>";
		};
		D7FF294422F10A9700970436 /* Review */ = {
			isa = PBXGroup;
			children = (
				D7FF294522F10ABE00970436 /* ReviewController.swift */,
				D7FF294D22F1194700970436 /* ReviewCard.swift */,
				D7FF294F22F1196500970436 /* EmojiOptionsOverlay.swift */,
				D7FF295122F1198000970436 /* CardView.swift */,
				D7D64EE422F193CC00E5306F /* FileTypeView.swift */,
			);
			path = Review;
			sourceTree = "<group>";
		};
		FBDF038230580A04FBC99D9A /* Pods */ = {
			isa = PBXGroup;
			children = (
				3F2BCC3FEB114B80896E5412 /* Pods-Wadmin.debug.xcconfig */,
				748D009F51D5AE6D2848F408 /* Pods-Wadmin.release.xcconfig */,
			);
			name = Pods;
			sourceTree = "<group>";
		};
/* End PBXGroup section */

/* Begin PBXNativeTarget section */
		D716BCB922F00C3E009156AE /* Wadmin */ = {
			isa = PBXNativeTarget;
			buildConfigurationList = D716BCCC22F00C3F009156AE /* Build configuration list for PBXNativeTarget "Wadmin" */;
			buildPhases = (
				1B2FBD33EC3AFB26D7909F5E /* [CP] Check Pods Manifest.lock */,
				D716BCB622F00C3E009156AE /* Sources */,
				D716BCB722F00C3E009156AE /* Frameworks */,
				D716BCB822F00C3E009156AE /* Resources */,
				0C7A2E2580F2ABF4148EA27A /* [CP] Embed Pods Frameworks */,
			);
			buildRules = (
			);
			dependencies = (
			);
			name = Wadmin;
			productName = Wadmin;
			productReference = D716BCBA22F00C3E009156AE /* Wadmin.app */;
			productType = "com.apple.product-type.application";
		};
/* End PBXNativeTarget section */

/* Begin PBXProject section */
		D716BCB222F00C3E009156AE /* Project object */ = {
			isa = PBXProject;
			attributes = {
				LastSwiftUpdateCheck = 1030;
				LastUpgradeCheck = 1030;
				ORGANIZATIONNAME = Wesaturate;
				TargetAttributes = {
					D716BCB922F00C3E009156AE = {
						CreatedOnToolsVersion = 10.3;
					};
				};
			};
			buildConfigurationList = D716BCB522F00C3E009156AE /* Build configuration list for PBXProject "Wadmin" */;
			compatibilityVersion = "Xcode 9.3";
			developmentRegion = en;
			hasScannedForEncodings = 0;
			knownRegions = (
				en,
				Base,
			);
			mainGroup = D716BCB122F00C3E009156AE;
			productRefGroup = D716BCBB22F00C3E009156AE /* Products */;
			projectDirPath = "";
			projectRoot = "";
			targets = (
				D716BCB922F00C3E009156AE /* Wadmin */,
			);
		};
/* End PBXProject section */

/* Begin PBXResourcesBuildPhase section */
		D716BCB822F00C3E009156AE /* Resources */ = {
			isa = PBXResourcesBuildPhase;
			buildActionMask = 2147483647;
			files = (
				D716BCC822F00C3F009156AE /* LaunchScreen.storyboard in Resources */,
				D716BCC522F00C3F009156AE /* Assets.xcassets in Resources */,
			);
			runOnlyForDeploymentPostprocessing = 0;
		};
/* End PBXResourcesBuildPhase section */

/* Begin PBXShellScriptBuildPhase section */
		0C7A2E2580F2ABF4148EA27A /* [CP] Embed Pods Frameworks */ = {
			isa = PBXShellScriptBuildPhase;
			buildActionMask = 2147483647;
			files = (
			);
			inputFileListPaths = (
			);
			inputPaths = (
				"${SRCROOT}/Pods/Target Support Files/Pods-Wadmin/Pods-Wadmin-frameworks.sh",
				"${BUILT_PRODUCTS_DIR}/Alamofire/Alamofire.framework",
				"${BUILT_PRODUCTS_DIR}/IQKeyboardManagerSwift/IQKeyboardManagerSwift.framework",
				"${BUILT_PRODUCTS_DIR}/Kingfisher/Kingfisher.framework",
			);
			name = "[CP] Embed Pods Frameworks";
			outputFileListPaths = (
			);
			outputPaths = (
				"${TARGET_BUILD_DIR}/${FRAMEWORKS_FOLDER_PATH}/Alamofire.framework",
				"${TARGET_BUILD_DIR}/${FRAMEWORKS_FOLDER_PATH}/IQKeyboardManagerSwift.framework",
				"${TARGET_BUILD_DIR}/${FRAMEWORKS_FOLDER_PATH}/Kingfisher.framework",
			);
			runOnlyForDeploymentPostprocessing = 0;
			shellPath = /bin/sh;
			shellScript = "\"${SRCROOT}/Pods/Target Support Files/Pods-Wadmin/Pods-Wadmin-frameworks.sh\"\n";
			showEnvVarsInLog = 0;
		};
		1B2FBD33EC3AFB26D7909F5E /* [CP] Check Pods Manifest.lock */ = {
			isa = PBXShellScriptBuildPhase;
			buildActionMask = 2147483647;
			files = (
			);
			inputFileListPaths = (
			);
			inputPaths = (
				"${PODS_PODFILE_DIR_PATH}/Podfile.lock",
				"${PODS_ROOT}/Manifest.lock",
			);
			name = "[CP] Check Pods Manifest.lock";
			outputFileListPaths = (
			);
			outputPaths = (
				"$(DERIVED_FILE_DIR)/Pods-Wadmin-checkManifestLockResult.txt",
			);
			runOnlyForDeploymentPostprocessing = 0;
			shellPath = /bin/sh;
			shellScript = "diff \"${PODS_PODFILE_DIR_PATH}/Podfile.lock\" \"${PODS_ROOT}/Manifest.lock\" > /dev/null\nif [ $? != 0 ] ; then\n    # print error to STDERR\n    echo \"error: The sandbox is not in sync with the Podfile.lock. Run 'pod install' or update your CocoaPods installation.\" >&2\n    exit 1\nfi\n# This output is used by Xcode 'outputs' to avoid re-running this script phase.\necho \"SUCCESS\" > \"${SCRIPT_OUTPUT_FILE_0}\"\n";
			showEnvVarsInLog = 0;
		};
/* End PBXShellScriptBuildPhase section */

/* Begin PBXSourcesBuildPhase section */
		D716BCB622F00C3E009156AE /* Sources */ = {
			isa = PBXSourcesBuildPhase;
			buildActionMask = 2147483647;
			files = (
				D716BD0422F02881009156AE /* User.swift in Sources */,
				D716BCFA22F0283A009156AE /* Photo.swift in Sources */,
				D716BCE522F024F9009156AE /* DateFormatter.swift in Sources */,
				D716BCF422F0265C009156AE /* WesaturateAPI.swift in Sources */,
				D716BCEE22F025F9009156AE /* LoginDelegate.swift in Sources */,
				D716BCD522F023CD009156AE /* UIView.swift in Sources */,
				D716BD0722F0291D009156AE /* HomeView.swift in Sources */,
				D7FF294622F10ABE00970436 /* ReviewController.swift in Sources */,
				D716BCF022F02629009156AE /* UITextField.swift in Sources */,
				D716BCD922F02419009156AE /* CGRect.swift in Sources */,
				D716BD0A22F0A4E1009156AE /* ReviewCountView.swift in Sources */,
				D716BCEA22F025DB009156AE /* LoginController.swift in Sources */,
				D7FF295022F1196500970436 /* EmojiOptionsOverlay.swift in Sources */,
				D716BCF822F02767009156AE /* Helper.swift in Sources */,
				D716BCD322F023BF009156AE /* Device.swift in Sources */,
				D716BCC022F00C3E009156AE /* ViewController.swift in Sources */,
				D716BCDB22F02462009156AE /* String.swift in Sources */,
				D716BD1022F0D00F009156AE /* HomeViewModel.swift in Sources */,
				D716BCBE22F00C3E009156AE /* AppDelegate.swift in Sources */,
				D716BCEC22F025EE009156AE /* LoginView.swift in Sources */,
				D7FF294E22F1194700970436 /* ReviewCard.swift in Sources */,
				D716BD1222F0EC0D009156AE /* SingleAnalyticView.swift in Sources */,
				D716BCE322F024E9009156AE /* Abbreviation.swift in Sources */,
				D7FF294A22F10EBE00970436 /* ReviewViewModel.swift in Sources */,
				D716BD0222F02873009156AE /* Links.swift in Sources */,
				D7FF295222F1198000970436 /* CardView.swift in Sources */,
				D7D64EE522F193CC00E5306F /* FileTypeView.swift in Sources */,
				D716BCF222F0263B009156AE /* LoginViewModel+Delegate.swift in Sources */,
				D716BCFC22F0283F009156AE /* Photos.swift in Sources */,
				D716BCFE22F02844009156AE /* Exif.swift in Sources */,
				D716BD0C22F0AB54009156AE /* Analytics.swift in Sources */,
				D716BD1422F0F0BE009156AE /* HomeAnalyticView.swift in Sources */,
				D716BCDF22F02497009156AE /* UIImage.swift in Sources */,
				D716BCE122F024D0009156AE /* Defaults.swift in Sources */,
				D716BCDD22F02474009156AE /* UICollectionView.swift in Sources */,
				D716BCF622F02698009156AE /* Me.swift in Sources */,
				D7FF294C22F10EC800970436 /* ReviewCardViewModel.swift in Sources */,
				D716BCD722F023D5009156AE /* UIColor.swift in Sources */,
			);
			runOnlyForDeploymentPostprocessing = 0;
		};
/* End PBXSourcesBuildPhase section */

/* Begin PBXVariantGroup section */
		D716BCC622F00C3F009156AE /* LaunchScreen.storyboard */ = {
			isa = PBXVariantGroup;
			children = (
				D716BCC722F00C3F009156AE /* Base */,
			);
			name = LaunchScreen.storyboard;
			sourceTree = "<group>";
		};
/* End PBXVariantGroup section */

/* Begin XCBuildConfiguration section */
		D716BCCA22F00C3F009156AE /* Debug */ = {
			isa = XCBuildConfiguration;
			buildSettings = {
				ALWAYS_SEARCH_USER_PATHS = NO;
				CLANG_ANALYZER_NONNULL = YES;
				CLANG_ANALYZER_NUMBER_OBJECT_CONVERSION = YES_AGGRESSIVE;
				CLANG_CXX_LANGUAGE_STANDARD = "gnu++14";
				CLANG_CXX_LIBRARY = "libc++";
				CLANG_ENABLE_MODULES = YES;
				CLANG_ENABLE_OBJC_ARC = YES;
				CLANG_ENABLE_OBJC_WEAK = YES;
				CLANG_WARN_BLOCK_CAPTURE_AUTORELEASING = YES;
				CLANG_WARN_BOOL_CONVERSION = YES;
				CLANG_WARN_COMMA = YES;
				CLANG_WARN_CONSTANT_CONVERSION = YES;
				CLANG_WARN_DEPRECATED_OBJC_IMPLEMENTATIONS = YES;
				CLANG_WARN_DIRECT_OBJC_ISA_USAGE = YES_ERROR;
				CLANG_WARN_DOCUMENTATION_COMMENTS = YES;
				CLANG_WARN_EMPTY_BODY = YES;
				CLANG_WARN_ENUM_CONVERSION = YES;
				CLANG_WARN_INFINITE_RECURSION = YES;
				CLANG_WARN_INT_CONVERSION = YES;
				CLANG_WARN_NON_LITERAL_NULL_CONVERSION = YES;
				CLANG_WARN_OBJC_IMPLICIT_RETAIN_SELF = YES;
				CLANG_WARN_OBJC_LITERAL_CONVERSION = YES;
				CLANG_WARN_OBJC_ROOT_CLASS = YES_ERROR;
				CLANG_WARN_RANGE_LOOP_ANALYSIS = YES;
				CLANG_WARN_STRICT_PROTOTYPES = YES;
				CLANG_WARN_SUSPICIOUS_MOVE = YES;
				CLANG_WARN_UNGUARDED_AVAILABILITY = YES_AGGRESSIVE;
				CLANG_WARN_UNREACHABLE_CODE = YES;
				CLANG_WARN__DUPLICATE_METHOD_MATCH = YES;
				CODE_SIGN_IDENTITY = "iPhone Developer";
				COPY_PHASE_STRIP = NO;
				DEBUG_INFORMATION_FORMAT = dwarf;
				ENABLE_STRICT_OBJC_MSGSEND = YES;
				ENABLE_TESTABILITY = YES;
				GCC_C_LANGUAGE_STANDARD = gnu11;
				GCC_DYNAMIC_NO_PIC = NO;
				GCC_NO_COMMON_BLOCKS = YES;
				GCC_OPTIMIZATION_LEVEL = 0;
				GCC_PREPROCESSOR_DEFINITIONS = (
					"DEBUG=1",
					"$(inherited)",
				);
				GCC_WARN_64_TO_32_BIT_CONVERSION = YES;
				GCC_WARN_ABOUT_RETURN_TYPE = YES_ERROR;
				GCC_WARN_UNDECLARED_SELECTOR = YES;
				GCC_WARN_UNINITIALIZED_AUTOS = YES_AGGRESSIVE;
				GCC_WARN_UNUSED_FUNCTION = YES;
				GCC_WARN_UNUSED_VARIABLE = YES;
				IPHONEOS_DEPLOYMENT_TARGET = 12.4;
				MTL_ENABLE_DEBUG_INFO = INCLUDE_SOURCE;
				MTL_FAST_MATH = YES;
				ONLY_ACTIVE_ARCH = YES;
				SDKROOT = iphoneos;
				SWIFT_ACTIVE_COMPILATION_CONDITIONS = DEBUG;
				SWIFT_OPTIMIZATION_LEVEL = "-Onone";
			};
			name = Debug;
		};
		D716BCCB22F00C3F009156AE /* Release */ = {
			isa = XCBuildConfiguration;
			buildSettings = {
				ALWAYS_SEARCH_USER_PATHS = NO;
				CLANG_ANALYZER_NONNULL = YES;
				CLANG_ANALYZER_NUMBER_OBJECT_CONVERSION = YES_AGGRESSIVE;
				CLANG_CXX_LANGUAGE_STANDARD = "gnu++14";
				CLANG_CXX_LIBRARY = "libc++";
				CLANG_ENABLE_MODULES = YES;
				CLANG_ENABLE_OBJC_ARC = YES;
				CLANG_ENABLE_OBJC_WEAK = YES;
				CLANG_WARN_BLOCK_CAPTURE_AUTORELEASING = YES;
				CLANG_WARN_BOOL_CONVERSION = YES;
				CLANG_WARN_COMMA = YES;
				CLANG_WARN_CONSTANT_CONVERSION = YES;
				CLANG_WARN_DEPRECATED_OBJC_IMPLEMENTATIONS = YES;
				CLANG_WARN_DIRECT_OBJC_ISA_USAGE = YES_ERROR;
				CLANG_WARN_DOCUMENTATION_COMMENTS = YES;
				CLANG_WARN_EMPTY_BODY = YES;
				CLANG_WARN_ENUM_CONVERSION = YES;
				CLANG_WARN_INFINITE_RECURSION = YES;
				CLANG_WARN_INT_CONVERSION = YES;
				CLANG_WARN_NON_LITERAL_NULL_CONVERSION = YES;
				CLANG_WARN_OBJC_IMPLICIT_RETAIN_SELF = YES;
				CLANG_WARN_OBJC_LITERAL_CONVERSION = YES;
				CLANG_WARN_OBJC_ROOT_CLASS = YES_ERROR;
				CLANG_WARN_RANGE_LOOP_ANALYSIS = YES;
				CLANG_WARN_STRICT_PROTOTYPES = YES;
				CLANG_WARN_SUSPICIOUS_MOVE = YES;
				CLANG_WARN_UNGUARDED_AVAILABILITY = YES_AGGRESSIVE;
				CLANG_WARN_UNREACHABLE_CODE = YES;
				CLANG_WARN__DUPLICATE_METHOD_MATCH = YES;
				CODE_SIGN_IDENTITY = "iPhone Developer";
				COPY_PHASE_STRIP = NO;
				DEBUG_INFORMATION_FORMAT = "dwarf-with-dsym";
				ENABLE_NS_ASSERTIONS = NO;
				ENABLE_STRICT_OBJC_MSGSEND = YES;
				GCC_C_LANGUAGE_STANDARD = gnu11;
				GCC_NO_COMMON_BLOCKS = YES;
				GCC_WARN_64_TO_32_BIT_CONVERSION = YES;
				GCC_WARN_ABOUT_RETURN_TYPE = YES_ERROR;
				GCC_WARN_UNDECLARED_SELECTOR = YES;
				GCC_WARN_UNINITIALIZED_AUTOS = YES_AGGRESSIVE;
				GCC_WARN_UNUSED_FUNCTION = YES;
				GCC_WARN_UNUSED_VARIABLE = YES;
				IPHONEOS_DEPLOYMENT_TARGET = 12.4;
				MTL_ENABLE_DEBUG_INFO = NO;
				MTL_FAST_MATH = YES;
				SDKROOT = iphoneos;
				SWIFT_COMPILATION_MODE = wholemodule;
				SWIFT_OPTIMIZATION_LEVEL = "-O";
				VALIDATE_PRODUCT = YES;
			};
			name = Release;
		};
		D716BCCD22F00C3F009156AE /* Debug */ = {
			isa = XCBuildConfiguration;
			baseConfigurationReference = 3F2BCC3FEB114B80896E5412 /* Pods-Wadmin.debug.xcconfig */;
			buildSettings = {
				ASSETCATALOG_COMPILER_APPICON_NAME = AppIcon;
				CODE_SIGN_STYLE = Automatic;
				DEVELOPMENT_TEAM = JL7TCK5Y58;
				INFOPLIST_FILE = Wadmin/Info.plist;
				IPHONEOS_DEPLOYMENT_TARGET = 12.2;
				LD_RUNPATH_SEARCH_PATHS = (
					"$(inherited)",
					"@executable_path/Frameworks",
				);
				PRODUCT_BUNDLE_IDENTIFIER = io.gifton.Wadmin;
				PRODUCT_NAME = "$(TARGET_NAME)";
				SWIFT_VERSION = 5.0;
				TARGETED_DEVICE_FAMILY = "1,2";
			};
			name = Debug;
		};
		D716BCCE22F00C3F009156AE /* Release */ = {
			isa = XCBuildConfiguration;
			baseConfigurationReference = 748D009F51D5AE6D2848F408 /* Pods-Wadmin.release.xcconfig */;
			buildSettings = {
				ASSETCATALOG_COMPILER_APPICON_NAME = AppIcon;
				CODE_SIGN_STYLE = Automatic;
				DEVELOPMENT_TEAM = JL7TCK5Y58;
				INFOPLIST_FILE = Wadmin/Info.plist;
				IPHONEOS_DEPLOYMENT_TARGET = 12.2;
				LD_RUNPATH_SEARCH_PATHS = (
					"$(inherited)",
					"@executable_path/Frameworks",
				);
				PRODUCT_BUNDLE_IDENTIFIER = io.gifton.Wadmin;
				PRODUCT_NAME = "$(TARGET_NAME)";
				SWIFT_VERSION = 5.0;
				TARGETED_DEVICE_FAMILY = "1,2";
			};
			name = Release;
		};
/* End XCBuildConfiguration section */

/* Begin XCConfigurationList section */
		D716BCB522F00C3E009156AE /* Build configuration list for PBXProject "Wadmin" */ = {
			isa = XCConfigurationList;
			buildConfigurations = (
				D716BCCA22F00C3F009156AE /* Debug */,
				D716BCCB22F00C3F009156AE /* Release */,
			);
			defaultConfigurationIsVisible = 0;
			defaultConfigurationName = Release;
		};
		D716BCCC22F00C3F009156AE /* Build configuration list for PBXNativeTarget "Wadmin" */ = {
			isa = XCConfigurationList;
			buildConfigurations = (
				D716BCCD22F00C3F009156AE /* Debug */,
				D716BCCE22F00C3F009156AE /* Release */,
			);
			defaultConfigurationIsVisible = 0;
			defaultConfigurationName = Release;
		};
/* End XCConfigurationList section */
	};
	rootObject = D716BCB222F00C3E009156AE /* Project object */;
}
